
Microsoft Visual Studio Solution File, Format Version 12.00
# Visual Studio Version 16
VisualStudioVersion = 16.0.29306.81
MinimumVisualStudioVersion = 10.0.40219.1
Project("{2150E333-8FDC-42A3-9474-1A3956D46DE8}") = "API", "API", "{DA0E7F69-524E-44DA-9D8D-989A520C8C4B}"
EndProject
Project("{FAE04EC0-301F-11D3-BF4B-00C04F79EFBC}") = "NutriSystem.Api", "NutriSystem.Api\NutriSystem.Api.csproj", "{C82DFFD1-977C-472E-837B-C12FBCF2E064}"
EndProject
Global
	GlobalSection(SolutionConfigurationPlatforms) = preSolution
		Debug|Any CPU = Debug|Any CPU
		Release|Any CPU = Release|Any CPU
	EndGlobalSection
	GlobalSection(ProjectConfigurationPlatforms) = postSolution
		{C82DFFD1-977C-472E-837B-C12FBCF2E064}.Debug|Any CPU.ActiveCfg = Debug|Any CPU
		{C82DFFD1-977C-472E-837B-C12FBCF2E064}.Debug|Any CPU.Build.0 = Debug|Any CPU
		{C82DFFD1-977C-472E-837B-C12FBCF2E064}.Release|Any CPU.ActiveCfg = Release|Any CPU
		{C82DFFD1-977C-472E-837B-C12FBCF2E064}.Release|Any CPU.Build.0 = Release|Any CPU
	EndGlobalSection
	GlobalSection(SolutionProperties) = preSolution
		HideSolutionNode = FALSE
	EndGlobalSection
	GlobalSection(NestedProjects) = preSolution
		{C82DFFD1-977C-472E-837B-C12FBCF2E064} = {DA0E7F69-524E-44DA-9D8D-989A520C8C4B}
	EndGlobalSection
	GlobalSection(ExtensibilityGlobals) = postSolution
		SolutionGuid = {74E45FD0-32BA-42FE-AB08-4D5B09BD3AF0}
	EndGlobalSection
EndGlobal
